// !$*UTF8*$!
{
	archiveVersion = 1;
	classes = {
	};
	objectVersion = 46;
	objects = {

/* Begin PBXBuildFile section */
		22D1CB101A5B262F007C77D0 /* main.m in Sources */ = {isa = PBXBuildFile; fileRef = 22D1CB0F1A5B262F007C77D0 /* main.m */; };
		22D1CB131A5B262F007C77D0 /* AppDelegate.m in Sources */ = {isa = PBXBuildFile; fileRef = 22D1CB121A5B262F007C77D0 /* AppDelegate.m */; };
		22D1CB161A5B262F007C77D0 /* ViewController.m in Sources */ = {isa = PBXBuildFile; fileRef = 22D1CB151A5B262F007C77D0 /* ViewController.m */; };
		22D1CB191A5B262F007C77D0 /* Main.storyboard in Resources */ = {isa = PBXBuildFile; fileRef = 22D1CB171A5B262F007C77D0 /* Main.storyboard */; };
		22D1CB1B1A5B262F007C77D0 /* Images.xcassets in Resources */ = {isa = PBXBuildFile; fileRef = 22D1CB1A1A5B262F007C77D0 /* Images.xcassets */; };
		22D1CB1E1A5B262F007C77D0 /* LaunchScreen.xib in Resources */ = {isa = PBXBuildFile; fileRef = 22D1CB1C1A5B262F007C77D0 /* LaunchScreen.xib */; };
		22D1CB2A1A5B262F007C77D0 /* obalasavmaTests.m in Sources */ = {isa = PBXBuildFile; fileRef = 22D1CB291A5B262F007C77D0 /* obalasavmaTests.m */; };
/* End PBXBuildFile section */

/* Begin PBXContainerItemProxy section */
		22D1CB241A5B262F007C77D0 /* PBXContainerItemProxy */ = {
			isa = PBXContainerItemProxy;
			containerPortal = 22D1CB021A5B262F007C77D0 /* Project object */;
			proxyType = 1;
			remoteGlobalIDString = 22D1CB091A5B262F007C77D0;
			remoteInfo = obalasavma;
		};
/* End PBXContainerItemProxy section */

/* Begin PBXFileReference section */
		22D1CB0A1A5B262F007C77D0 /* obalasavma.app */ = {isa = PBXFileReference; explicitFileType = wrapper.application; includeInIndex = 0; path = obalasavma.app; sourceTree = BUILT_PRODUCTS_DIR; };
		22D1CB0E1A5B262F007C77D0 /* Info.plist */ = {isa = PBXFileReference; lastKnownFileType = text.plist.xml; path = Info.plist; sourceTree = "<group>"; };
		22D1CB0F1A5B262F007C77D0 /* main.m */ = {isa = PBXFileReference; lastKnownFileType = sourcecode.c.objc; path = main.m; sourceTree = "<group>"; };
		22D1CB111A5B262F007C77D0 /* AppDelegate.h */ = {isa = PBXFileReference; lastKnownFileType = sourcecode.c.h; path = AppDelegate.h; sourceTree = "<group>"; };
		22D1CB121A5B262F007C77D0 /* AppDelegate.m */ = {isa = PBXFileReference; lastKnownFileType = sourcecode.c.objc; path = AppDelegate.m; sourceTree = "<group>"; };
		22D1CB141A5B262F007C77D0 /* ViewController.h */ = {isa = PBXFileReference; lastKnownFileType = sourcecode.c.h; path = ViewController.h; sourceTree = "<group>"; };
		22D1CB151A5B262F007C77D0 /* ViewController.m */ = {isa = PBXFileReference; lastKnownFileType = sourcecode.c.objc; path = ViewController.m; sourceTree = "<group>"; };
		22D1CB181A5B262F007C77D0 /* Base */ = {isa = PBXFileReference; lastKnownFileType = file.storyboard; name = Base; path = Base.lproj/Main.storyboard; sourceTree = "<group>"; };
		22D1CB1A1A5B262F007C77D0 /* Images.xcassets */ = {isa = PBXFileReference; lastKnownFileType = folder.assetcatalog; path = Images.xcassets; sourceTree = "<group>"; };
		22D1CB1D1A5B262F007C77D0 /* Base */ = {isa = PBXFileReference; lastKnownFileType = file.xib; name = Base; path = Base.lproj/LaunchScreen.xib; sourceTree = "<group>"; };
		22D1CB231A5B262F007C77D0 /* obalasavmaTests.xctest */ = {isa = PBXFileReference; explicitFileType = wrapper.cfbundle; includeInIndex = 0; path = obalasavmaTests.xctest; sourceTree = BUILT_PRODUCTS_DIR; };
		22D1CB281A5B262F007C77D0 /* Info.plist */ = {isa = PBXFileReference; lastKnownFileType = text.plist.xml; path = Info.plist; sourceTree = "<group>"; };
		22D1CB291A5B262F007C77D0 /* obalasavmaTests.m */ = {isa = PBXFileReference; lastKnownFileType = sourcecode.c.objc; path = obalasavmaTests.m; sourceTree = "<group>"; };
/* End PBXFileReference section */

/* Begin PBXFrameworksBuildPhase section */
		22D1CB071A5B262F007C77D0 /* Frameworks */ = {
			isa = PBXFrameworksBuildPhase;
			buildActionMask = 2147483647;
			files = (
			);
			runOnlyForDeploymentPostprocessing = 0;
		};
		22D1CB201A5B262F007C77D0 /* Frameworks */ = {
			isa = PBXFrameworksBuildPhase;
			buildActionMask = 2147483647;
			files = (
			);
			runOnlyForDeploymentPostprocessing = 0;
		};
/* End PBXFrameworksBuildPhase section */

/* Begin PBXGroup section */
		22D1CB011A5B262F007C77D0 = {
			isa = PBXGroup;
			children = (
				22D1CB0C1A5B262F007C77D0 /* obalasavma */,
				22D1CB261A5B262F007C77D0 /* obalasavmaTests */,
				22D1CB0B1A5B262F007C77D0 /* Products */,
			);
			sourceTree = "<group>";
		};
		22D1CB0B1A5B262F007C77D0 /* Products */ = {
			isa = PBXGroup;
			children = (
				22D1CB0A1A5B262F007C77D0 /* obalasavma.app */,
				22D1CB231A5B262F007C77D0 /* obalasavmaTests.xctest */,
			);
			name = Products;
			sourceTree = "<group>";
		};
		22D1CB0C1A5B262F007C77D0 /* obalasavma */ = {
			isa = PBXGroup;
			children = (
				22D1CB111A5B262F007C77D0 /* AppDelegate.h */,
				22D1CB121A5B262F007C77D0 /* AppDelegate.m */,
				22D1CB141A5B262F007C77D0 /* ViewController.h */,
				22D1CB151A5B262F007C77D0 /* ViewController.m */,
				22D1CB171A5B262F007C77D0 /* Main.storyboard */,
				22D1CB1A1A5B262F007C77D0 /* Images.xcassets */,
				22D1CB1C1A5B262F007C77D0 /* LaunchScreen.xib */,
				22D1CB0D1A5B262F007C77D0 /* Supporting Files */,
			);
			path = obalasavma;
			sourceTree = "<group>";
		};
		22D1CB0D1A5B262F007C77D0 /* Supporting Files */ = {
			isa = PBXGroup;
			children = (
				22D1CB0E1A5B262F007C77D0 /* Info.plist */,
				22D1CB0F1A5B262F007C77D0 /* main.m */,
			);
			name = "Supporting Files";
			sourceTree = "<group>";
		};
		22D1CB261A5B262F007C77D0 /* obalasavmaTests */ = {
			isa = PBXGroup;
			children = (
				22D1CB291A5B262F007C77D0 /* obalasavmaTests.m */,
				22D1CB271A5B262F007C77D0 /* Supporting Files */,
			);
			path = obalasavmaTests;
			sourceTree = "<group>";
		};
		22D1CB271A5B262F007C77D0 /* Supporting Files */ = {
			isa = PBXGroup;
			children = (
				22D1CB281A5B262F007C77D0 /* Info.plist */,
			);
			name = "Supporting Files";
			sourceTree = "<group>";
		};
/* End PBXGroup section */

/* Begin PBXNativeTarget section */
		22D1CB091A5B262F007C77D0 /* obalasavma */ = {
			isa = PBXNativeTarget;
			buildConfigurationList = 22D1CB2D1A5B262F007C77D0 /* Build configuration list for PBXNativeTarget "obalasavma" */;
			buildPhases = (
				22D1CB061A5B262F007C77D0 /* Sources */,
				22D1CB071A5B262F007C77D0 /* Frameworks */,
				22D1CB081A5B262F007C77D0 /* Resources */,
			);
			buildRules = (
			);
			dependencies = (
			);
			name = obalasavma;
			productName = obalasavma;
			productReference = 22D1CB0A1A5B262F007C77D0 /* obalasavma.app */;
			productType = "com.apple.product-type.application";
		};
		22D1CB221A5B262F007C77D0 /* obalasavmaTests */ = {
			isa = PBXNativeTarget;
			buildConfigurationList = 22D1CB301A5B262F007C77D0 /* Build configuration list for PBXNativeTarget "obalasavmaTests" */;
			buildPhases = (
				22D1CB1F1A5B262F007C77D0 /* Sources */,
				22D1CB201A5B262F007C77D0 /* Frameworks */,
				22D1CB211A5B262F007C77D0 /* Resources */,
			);
			buildRules = (
			);
			dependencies = (
				22D1CB251A5B262F007C77D0 /* PBXTargetDependency */,
			);
			name = obalasavmaTests;
			productName = obalasavmaTests;
			productReference = 22D1CB231A5B262F007C77D0 /* obalasavmaTests.xctest */;
			productType = "com.apple.product-type.bundle.unit-test";
		};
/* End PBXNativeTarget section */

/* Begin PBXProject section */
		22D1CB021A5B262F007C77D0 /* Project object */ = {
			isa = PBXProject;
			attributes = {
				LastUpgradeCheck = 0610;
				ORGANIZATIONNAME = "Can KINCAL";
				TargetAttributes = {
					22D1CB091A5B262F007C77D0 = {
						CreatedOnToolsVersion = 6.1.1;
					};
					22D1CB221A5B262F007C77D0 = {
						CreatedOnToolsVersion = 6.1.1;
						TestTargetID = 22D1CB091A5B262F007C77D0;
					};
				};
			};
			buildConfigurationList = 22D1CB051A5B262F007C77D0 /* Build configuration list for PBXProject "obalasavma" */;
			compatibilityVersion = "Xcode 3.2";
			developmentRegion = English;
			hasScannedForEncodings = 0;
			knownRegions = (
				en,
				Base,
			);
			mainGroup = 22D1CB011A5B262F007C77D0;
			productRefGroup = 22D1CB0B1A5B262F007C77D0 /* Products */;
			projectDirPath = "";
			projectRoot = "";
			targets = (
				22D1CB091A5B262F007C77D0 /* obalasavma */,
				22D1CB221A5B262F007C77D0 /* obalasavmaTests */,
			);
		};
/* End PBXProject section */

/* Begin PBXResourcesBuildPhase section */
		22D1CB081A5B262F007C77D0 /* Resources */ = {
			isa = PBXResourcesBuildPhase;
			buildActionMask = 2147483647;
			files = (
				22D1CB191A5B262F007C77D0 /* Main.storyboard in Resources */,
				22D1CB1E1A5B262F007C77D0 /* LaunchScreen.xib in Resources */,
				22D1CB1B1A5B262F007C77D0 /* Images.xcassets in Resources */,
			);
			runOnlyForDeploymentPostprocessing = 0;
		};
		22D1CB211A5B262F007C77D0 /* Resources */ = {
			isa = PBXResourcesBuildPhase;
			buildActionMask = 2147483647;
			files = (
			);
			runOnlyForDeploymentPostprocessing = 0;
		};
/* End PBXResourcesBuildPhase section */

/* Begin PBXSourcesBuildPhase section */
		22D1CB061A5B262F007C77D0 /* Sources */ = {
			isa = PBXSourcesBuildPhase;
			buildActionMask = 2147483647;
			files = (
				22D1CB161A5B262F007C77D0 /* ViewController.m in Sources */,
				22D1CB131A5B262F007C77D0 /* AppDelegate.m in Sources */,
				22D1CB101A5B262F007C77D0 /* main.m in Sources */,
			);
			runOnlyForDeploymentPostprocessing = 0;
		};
		22D1CB1F1A5B262F007C77D0 /* Sources */ = {
			isa = PBXSourcesBuildPhase;
			buildActionMask = 2147483647;
			files = (
				22D1CB2A1A5B262F007C77D0 /* obalasavmaTests.m in Sources */,
			);
			runOnlyForDeploymentPostprocessing = 0;
		};
/* End PBXSourcesBuildPhase section */

/* Begin PBXTargetDependency section */
		22D1CB251A5B262F007C77D0 /* PBXTargetDependency */ = {
			isa = PBXTargetDependency;
			target = 22D1CB091A5B262F007C77D0 /* obalasavma */;
			targetProxy = 22D1CB241A5B262F007C77D0 /* PBXContainerItemProxy */;
		};
/* End PBXTargetDependency section */

/* Begin PBXVariantGroup section */
		22D1CB171A5B262F007C77D0 /* Main.storyboard */ = {
			isa = PBXVariantGroup;
			children = (
				22D1CB181A5B262F007C77D0 /* Base */,
			);
			name = Main.storyboard;
			sourceTree = "<group>";
		};
		22D1CB1C1A5B262F007C77D0 /* LaunchScreen.xib */ = {
			isa = PBXVariantGroup;
			children = (
				22D1CB1D1A5B262F007C77D0 /* Base */,
			);
			name = LaunchScreen.xib;
			sourceTree = "<group>";
		};
/* End PBXVariantGroup section */

/* Begin XCBuildConfiguration section */
		22D1CB2B1A5B262F007C77D0 /* Debug */ = {
			isa = XCBuildConfiguration;
			buildSettings = {
				ALWAYS_SEARCH_USER_PATHS = NO;
				CLANG_CXX_LANGUAGE_STANDARD = "gnu++0x";
				CLANG_CXX_LIBRARY = "libc++";
				CLANG_ENABLE_MODULES = YES;
				CLANG_ENABLE_OBJC_ARC = YES;
				CLANG_WARN_BOOL_CONVERSION = YES;
				CLANG_WARN_CONSTANT_CONVERSION = YES;
				CLANG_WARN_DIRECT_OBJC_ISA_USAGE = YES_ERROR;
				CLANG_WARN_EMPTY_BODY = YES;
				CLANG_WARN_ENUM_CONVERSION = YES;
				CLANG_WARN_INT_CONVERSION = YES;
				CLANG_WARN_OBJC_ROOT_CLASS = YES_ERROR;
				CLANG_WARN_UNREACHABLE_CODE = YES;
				CLANG_WARN__DUPLICATE_METHOD_MATCH = YES;
				"CODE_SIGN_IDENTITY[sdk=iphoneos*]" = "iPhone Developer";
				COPY_PHASE_STRIP = NO;
				ENABLE_STRICT_OBJC_MSGSEND = YES;
				GCC_C_LANGUAGE_STANDARD = gnu99;
				GCC_DYNAMIC_NO_PIC = NO;
				GCC_OPTIMIZATION_LEVEL = 0;
				GCC_PREPROCESSOR_DEFINITIONS = (
					"DEBUG=1",
					"$(inherited)",
				);
				GCC_SYMBOLS_PRIVATE_EXTERN = NO;
				GCC_WARN_64_TO_32_BIT_CONVERSION = YES;
				GCC_WARN_ABOUT_RETURN_TYPE = YES_ERROR;
				GCC_WARN_UNDECLARED_SELECTOR = YES;
				GCC_WARN_UNINITIALIZED_AUTOS = YES_AGGRESSIVE;
				GCC_WARN_UNUSED_FUNCTION = YES;
				GCC_WARN_UNUSED_VARIABLE = YES;
				IPHONEOS_DEPLOYMENT_TARGET = 8.1;
				MTL_ENABLE_DEBUG_INFO = YES;
				ONLY_ACTIVE_ARCH = YES;
				SDKROOT = iphoneos;
				TARGETED_DEVICE_FAMILY = "1,2";
			};
			name = Debug;
		};
		22D1CB2C1A5B262F007C77D0 /* Release */ = {
			isa = XCBuildConfiguration;
			buildSettings = {
				ALWAYS_SEARCH_USER_PATHS = NO;
				CLANG_CXX_LANGUAGE_STANDARD = "gnu++0x";
				CLANG_CXX_LIBRARY = "libc++";
				CLANG_ENABLE_MODULES = YES;
				CLANG_ENABLE_OBJC_ARC = YES;
				CLANG_WARN_BOOL_CONVERSION = YES;
				CLANG_WARN_CONSTANT_CONVERSION = YES;
				CLANG_WARN_DIRECT_OBJC_ISA_USAGE = YES_ERROR;
				CLANG_WARN_EMPTY_BODY = YES;
				CLANG_WARN_ENUM_CONVERSION = YES;
				CLANG_WARN_INT_CONVERSION = YES;
				CLANG_WARN_OBJC_ROOT_CLASS = YES_ERROR;
				CLANG_WARN_UNREACHABLE_CODE = YES;
				CLANG_WARN__DUPLICATE_METHOD_MATCH = YES;
				"CODE_SIGN_IDENTITY[sdk=iphoneos*]" = "iPhone Developer";
				COPY_PHASE_STRIP = YES;
				ENABLE_NS_ASSERTIONS = NO;
				ENABLE_STRICT_OBJC_MSGSEND = YES;
				GCC_C_LANGUAGE_STANDARD = gnu99;
				GCC_WARN_64_TO_32_BIT_CONVERSION = YES;
				GCC_WARN_ABOUT_RETURN_TYPE = YES_ERROR;
				GCC_WARN_UNDECLARED_SELECTOR = YES;
				GCC_WARN_UNINITIALIZED_AUTOS = YES_AGGRESSIVE;
				GCC_WARN_UNUSED_FUNCTION = YES;
				GCC_WARN_UNUSED_VARIABLE = YES;
				IPHONEOS_DEPLOYMENT_TARGET = 8.1;
				MTL_ENABLE_DEBUG_INFO = NO;
				SDKROOT = iphoneos;
				TARGETED_DEVICE_FAMILY = "1,2";
				VALIDATE_PRODUCT = YES;
			};
			name = Release;
		};
		22D1CB2E1A5B262F007C77D0 /* Debug */ = {
			isa = XCBuildConfiguration;
			buildSettings = {
				ASSETCATALOG_COMPILER_APPICON_NAME = AppIcon;
				INFOPLIST_FILE = obalasavma/Info.plist;
				LD_RUNPATH_SEARCH_PATHS = "$(inherited) @executable_path/Frameworks";
				PRODUCT_NAME = "$(TARGET_NAME)";
			};
			name = Debug;
		};
		22D1CB2F1A5B262F007C77D0 /* Release */ = {
			isa = XCBuildConfiguration;
			buildSettings = {
				ASSETCATALOG_COMPILER_APPICON_NAME = AppIcon;
				INFOPLIST_FILE = obalasavma/Info.plist;
				LD_RUNPATH_SEARCH_PATHS = "$(inherited) @executable_path/Frameworks";
				PRODUCT_NAME = "$(TARGET_NAME)";
			};
			name = Release;
		};
		22D1CB311A5B262F007C77D0 /* Debug */ = {
			isa = XCBuildConfiguration;
			buildSettings = {
				BUNDLE_LOADER = "$(TEST_HOST)";
				FRAMEWORK_SEARCH_PATHS = (
					"$(SDKROOT)/Developer/Library/Frameworks",
					"$(inherited)",
				);
				GCC_PREPROCESSOR_DEFINITIONS = (
					"DEBUG=1",
					"$(inherited)",
				);
				INFOPLIST_FILE = obalasavmaTests/Info.plist;
				LD_RUNPATH_SEARCH_PATHS = "$(inherited) @executable_path/Frameworks @loader_path/Frameworks";
				PRODUCT_NAME = "$(TARGET_NAME)";
				TEST_HOST = "$(BUILT_PRODUCTS_DIR)/obalasavma.app/obalasavma";
			};
			name = Debug;
		};
		22D1CB321A5B262F007C77D0 /* Release */ = {
			isa = XCBuildConfiguration;
			buildSettings = {
				BUNDLE_LOADER = "$(TEST_HOST)";
				FRAMEWORK_SEARCH_PATHS = (
					"$(SDKROOT)/Developer/Library/Frameworks",
					"$(inherited)",
				);
				INFOPLIST_FILE = obalasavmaTests/Info.plist;
				LD_RUNPATH_SEARCH_PATHS = "$(inherited) @executable_path/Frameworks @loader_path/Frameworks";
				PRODUCT_NAME = "$(TARGET_NAME)";
				TEST_HOST = "$(BUILT_PRODUCTS_DIR)/obalasavma.app/obalasavma";
			};
			name = Release;
		};
/* End XCBuildConfiguration section */

/* Begin XCConfigurationList section */
		22D1CB051A5B262F007C77D0 /* Build configuration list for PBXProject "obalasavma" */ = {
			isa = XCConfigurationList;
			buildConfigurations = (
				22D1CB2B1A5B262F007C77D0 /* Debug */,
				22D1CB2C1A5B262F007C77D0 /* Release */,
			);
			defaultConfigurationIsVisible = 0;
			defaultConfigurationName = Release;
		};
		22D1CB2D1A5B262F007C77D0 /* Build configuration list for PBXNativeTarget "obalasavma" */ = {
			isa = XCConfigurationList;
			buildConfigurations = (
				22D1CB2E1A5B262F007C77D0 /* Debug */,
				22D1CB2F1A5B262F007C77D0 /* Release */,
			);
			defaultConfigurationIsVisible = 0;
		};
		22D1CB301A5B262F007C77D0 /* Build configuration list for PBXNativeTarget "obalasavmaTests" */ = {
			isa = XCConfigurationList;
			buildConfigurations = (
				22D1CB311A5B262F007C77D0 /* Debug */,
				22D1CB321A5B262F007C77D0 /* Release */,
			);
			defaultConfigurationIsVisible = 0;
		};
/* End XCConfigurationList section */
	};
	rootObject = 22D1CB021A5B262F007C77D0 /* Project object */;
}
