// !$*UTF8*$!
{
	archiveVersion = 1;
	classes = {
	};
	objectVersion = 46;
	objects = {

/* Begin PBXBuildFile section */
		221FDFE21A9B86CD00F43641 /* main.c in Sources */ = {isa = PBXBuildFile; fileRef = 221FDFE11A9B86CD00F43641 /* main.c */; };
/* End PBXBuildFile section */

/* Begin PBXCopyFilesBuildPhase section */
		221FDFDC1A9B86CC00F43641 /* CopyFiles */ = {
			isa = PBXCopyFilesBuildPhase;
			buildActionMask = 2147483647;
			dstPath = /usr/share/man/man1/;
			dstSubfolderSpec = 0;
			files = (
			);
			runOnlyForDeploymentPostprocessing = 1;
		};
/* End PBXCopyFilesBuildPhase section */

/* Begin PBXFileReference section */
		221FDFDE1A9B86CC00F43641 /* yusufcls */ = {isa = PBXFileReference; explicitFileType = "compiled.mach-o.executable"; includeInIndex = 0; path = yusufcls; sourceTree = BUILT_PRODUCTS_DIR; };
		221FDFE11A9B86CD00F43641 /* main.c */ = {isa = PBXFileReference; lastKnownFileType = sourcecode.c.c; path = main.c; sourceTree = "<group>"; };
/* End PBXFileReference section */

/* Begin PBXFrameworksBuildPhase section */
		221FDFDB1A9B86CC00F43641 /* Frameworks */ = {
			isa = PBXFrameworksBuildPhase;
			buildActionMask = 2147483647;
			files = (
			);
			runOnlyForDeploymentPostprocessing = 0;
		};
/* End PBXFrameworksBuildPhase section */

/* Begin PBXGroup section */
		221FDFD51A9B86CC00F43641 = {
			isa = PBXGroup;
			children = (
				221FDFE01A9B86CC00F43641 /* yusufcls */,
				221FDFDF1A9B86CC00F43641 /* Products */,
			);
			sourceTree = "<group>";
		};
		221FDFDF1A9B86CC00F43641 /* Products */ = {
			isa = PBXGroup;
			children = (
				221FDFDE1A9B86CC00F43641 /* yusufcls */,
			);
			name = Products;
			sourceTree = "<group>";
		};
		221FDFE01A9B86CC00F43641 /* yusufcls */ = {
			isa = PBXGroup;
			children = (
				221FDFE11A9B86CD00F43641 /* main.c */,
			);
			path = yusufcls;
			sourceTree = "<group>";
		};
/* End PBXGroup section */

/* Begin PBXNativeTarget section */
		221FDFDD1A9B86CC00F43641 /* yusufcls */ = {
			isa = PBXNativeTarget;
			buildConfigurationList = 221FDFE51A9B86CD00F43641 /* Build configuration list for PBXNativeTarget "yusufcls" */;
			buildPhases = (
				221FDFDA1A9B86CC00F43641 /* Sources */,
				221FDFDB1A9B86CC00F43641 /* Frameworks */,
				221FDFDC1A9B86CC00F43641 /* CopyFiles */,
			);
			buildRules = (
			);
			dependencies = (
			);
			name = yusufcls;
			productName = yusufcls;
			productReference = 221FDFDE1A9B86CC00F43641 /* yusufcls */;
			productType = "com.apple.product-type.tool";
		};
/* End PBXNativeTarget section */

/* Begin PBXProject section */
		221FDFD61A9B86CC00F43641 /* Project object */ = {
			isa = PBXProject;
			attributes = {
				LastUpgradeCheck = 0610;
				ORGANIZATIONNAME = "Can KINCAL";
				TargetAttributes = {
					221FDFDD1A9B86CC00F43641 = {
						CreatedOnToolsVersion = 6.1.1;
					};
				};
			};
			buildConfigurationList = 221FDFD91A9B86CC00F43641 /* Build configuration list for PBXProject "yusufcls" */;
			compatibilityVersion = "Xcode 3.2";
			developmentRegion = English;
			hasScannedForEncodings = 0;
			knownRegions = (
				en,
			);
			mainGroup = 221FDFD51A9B86CC00F43641;
			productRefGroup = 221FDFDF1A9B86CC00F43641 /* Products */;
			projectDirPath = "";
			projectRoot = "";
			targets = (
				221FDFDD1A9B86CC00F43641 /* yusufcls */,
			);
		};
/* End PBXProject section */

/* Begin PBXSourcesBuildPhase section */
		221FDFDA1A9B86CC00F43641 /* Sources */ = {
			isa = PBXSourcesBuildPhase;
			buildActionMask = 2147483647;
			files = (
				221FDFE21A9B86CD00F43641 /* main.c in Sources */,
			);
			runOnlyForDeploymentPostprocessing = 0;
		};
/* End PBXSourcesBuildPhase section */

/* Begin XCBuildConfiguration section */
		221FDFE31A9B86CD00F43641 /* Debug */ = {
			isa = XCBuildConfiguration;
			buildSettings = {
				ALWAYS_SEARCH_USER_PATHS = NO;
				CLANG_CXX_LANGUAGE_STANDARD = "gnu++0x";
				CLANG_CXX_LIBRARY = "libc++";
				CLANG_ENABLE_MODULES = YES;
				CLANG_ENABLE_OBJC_ARC = YES;
				CLANG_WARN_BOOL_CONVERSION = YES;
				CLANG_WARN_CONSTANT_CONVERSION = YES;
				CLANG_WARN_DIRECT_OBJC_ISA_USAGE = YES_ERROR;
				CLANG_WARN_EMPTY_BODY = YES;
				CLANG_WARN_ENUM_CONVERSION = YES;
				CLANG_WARN_INT_CONVERSION = YES;
				CLANG_WARN_OBJC_ROOT_CLASS = YES_ERROR;
				CLANG_WARN_UNREACHABLE_CODE = YES;
				CLANG_WARN__DUPLICATE_METHOD_MATCH = YES;
				COPY_PHASE_STRIP = NO;
				ENABLE_STRICT_OBJC_MSGSEND = YES;
				GCC_C_LANGUAGE_STANDARD = gnu99;
				GCC_DYNAMIC_NO_PIC = NO;
				GCC_OPTIMIZATION_LEVEL = 0;
				GCC_PREPROCESSOR_DEFINITIONS = (
					"DEBUG=1",
					"$(inherited)",
				);
				GCC_SYMBOLS_PRIVATE_EXTERN = NO;
				GCC_WARN_64_TO_32_BIT_CONVERSION = YES;
				GCC_WARN_ABOUT_RETURN_TYPE = YES_ERROR;
				GCC_WARN_UNDECLARED_SELECTOR = YES;
				GCC_WARN_UNINITIALIZED_AUTOS = YES_AGGRESSIVE;
				GCC_WARN_UNUSED_FUNCTION = YES;
				GCC_WARN_UNUSED_VARIABLE = YES;
				MACOSX_DEPLOYMENT_TARGET = 10.10;
				MTL_ENABLE_DEBUG_INFO = YES;
				ONLY_ACTIVE_ARCH = YES;
				SDKROOT = macosx;
			};
			name = Debug;
		};
		221FDFE41A9B86CD00F43641 /* Release */ = {
			isa = XCBuildConfiguration;
			buildSettings = {
				ALWAYS_SEARCH_USER_PATHS = NO;
				CLANG_CXX_LANGUAGE_STANDARD = "gnu++0x";
				CLANG_CXX_LIBRARY = "libc++";
				CLANG_ENABLE_MODULES = YES;
				CLANG_ENABLE_OBJC_ARC = YES;
				CLANG_WARN_BOOL_CONVERSION = YES;
				CLANG_WARN_CONSTANT_CONVERSION = YES;
				CLANG_WARN_DIRECT_OBJC_ISA_USAGE = YES_ERROR;
				CLANG_WARN_EMPTY_BODY = YES;
				CLANG_WARN_ENUM_CONVERSION = YES;
				CLANG_WARN_INT_CONVERSION = YES;
				CLANG_WARN_OBJC_ROOT_CLASS = YES_ERROR;
				CLANG_WARN_UNREACHABLE_CODE = YES;
				CLANG_WARN__DUPLICATE_METHOD_MATCH = YES;
				COPY_PHASE_STRIP = YES;
				DEBUG_INFORMATION_FORMAT = "dwarf-with-dsym";
				ENABLE_NS_ASSERTIONS = NO;
				ENABLE_STRICT_OBJC_MSGSEND = YES;
				GCC_C_LANGUAGE_STANDARD = gnu99;
				GCC_WARN_64_TO_32_BIT_CONVERSION = YES;
				GCC_WARN_ABOUT_RETURN_TYPE = YES_ERROR;
				GCC_WARN_UNDECLARED_SELECTOR = YES;
				GCC_WARN_UNINITIALIZED_AUTOS = YES_AGGRESSIVE;
				GCC_WARN_UNUSED_FUNCTION = YES;
				GCC_WARN_UNUSED_VARIABLE = YES;
				MACOSX_DEPLOYMENT_TARGET = 10.10;
				MTL_ENABLE_DEBUG_INFO = NO;
				SDKROOT = macosx;
			};
			name = Release;
		};
		221FDFE61A9B86CD00F43641 /* Debug */ = {
			isa = XCBuildConfiguration;
			buildSettings = {
				PRODUCT_NAME = "$(TARGET_NAME)";
			};
			name = Debug;
		};
		221FDFE71A9B86CD00F43641 /* Release */ = {
			isa = XCBuildConfiguration;
			buildSettings = {
				PRODUCT_NAME = "$(TARGET_NAME)";
			};
			name = Release;
		};
/* End XCBuildConfiguration section */

/* Begin XCConfigurationList section */
		221FDFD91A9B86CC00F43641 /* Build configuration list for PBXProject "yusufcls" */ = {
			isa = XCConfigurationList;
			buildConfigurations = (
				221FDFE31A9B86CD00F43641 /* Debug */,
				221FDFE41A9B86CD00F43641 /* Release */,
			);
			defaultConfigurationIsVisible = 0;
			defaultConfigurationName = Release;
		};
		221FDFE51A9B86CD00F43641 /* Build configuration list for PBXNativeTarget "yusufcls" */ = {
			isa = XCConfigurationList;
			buildConfigurations = (
				221FDFE61A9B86CD00F43641 /* Debug */,
				221FDFE71A9B86CD00F43641 /* Release */,
			);
			defaultConfigurationIsVisible = 0;
		};
/* End XCConfigurationList section */
	};
	rootObject = 221FDFD61A9B86CC00F43641 /* Project object */;
}
